lockfileVersion: '9.0'

settings:
  autoInstallPeers: true
  excludeLinksFromLockfile: false

importers:

  .:
    dependencies:
      playwright:
        specifier: 1.58.2
        version: 1.58.2
      playwright-core:
        specifier: 1.58.2
        version: 1.58.2
      quickjs-emscripten:
        specifier: ^0.32.0
        version: 0.32.0

packages:

  '@jitl/quickjs-ffi-types@0.32.0':
    resolution: {integrity: sha512-v9T+GQpmk43VDJ7d72sf0Nexhk+ArvtUihW27dy7lqAl0zBObFKtSBBIm5RBjwIhE8VwsPPm9PNuvPvNqLWUEg==}

  '@jitl/quickjs-wasmfile-debug-asyncify@0.32.0':
    resolution: {integrity: sha512-EX8zbXwGqCgAE764M+qvkHtyXDi/FUoMBea0JnES7vCM3P7a2+EOZOjGv85wtZ2sJhI1oJ+nekmqpOODFDY+hw==}

  '@jitl/quickjs-wasmfile-debug-sync@0.32.0':
    resolution: {integrity: sha512-LeYWrPGC1uNCTBWvibo3ZLJj0CSVNYUXvJpXMCmuQ5Sap2cCACc3uvGvYV4homHHBAzfw5akoTqMMS4YFRtw+Q==}

  '@jitl/quickjs-wasmfile-release-asyncify@0.32.0':
    resolution: {integrity: sha512-3oSwPfja12ICz4aIblB58cuY8JlEq5Txt8Cut4VLo+LH47QN+mzCnSgnbB03hWzg1LBcc+VyyI9UOag7a1NF+Q==}

  '@jitl/quickjs-wasmfile-release-sync@0.32.0':
    resolution: {integrity: sha512-BKNDI/TPBfGlLNGYpLrhcDGXmIk4xHm4MRAisOBnOzpXVn9HZWsfmMAc9WMBrAHjvvds6HOikKeaOBKdPdpVrg==}

  fsevents@2.3.2:
    resolution: {integrity: sha512-xiqMQR4xAeHTuB9uWm+fFRcIOgKBMiOBP+eXiyT7jsgVCq1bkVygt00oASowB7EdtpOHaaPgKt812P9ab+DDKA==}
    engines: {node: ^8.16.0 || ^10.6.0 || >=11.0.0}
    os: [darwin]

  playwright-core@1.58.2:
    resolution: {integrity: sha512-yZkEtftgwS8CsfYo7nm0KE8jsvm6i/PTgVtB8DL726wNf6H2IMsDuxCpJj59KDaxCtSnrWan2AeDqM7JBaultg==}
    engines: {node: '>=18'}
    hasBin: true

  playwright@1.58.2:
    resolution: {integrity: sha512-vA30H8Nvkq/cPBnNw4Q8TWz1EJyqgpuinBcHET0YVJVFldr8JDNiU9LaWAE1KqSkRYazuaBhTpB5ZzShOezQ6A==}
    engines: {node: '>=18'}
    hasBin: true

  quickjs-emscripten-core@0.32.0:
    resolution: {integrity: sha512-QFnPfjFey8EqknSrSxe1hZrf1/8z7/6s1QzGOmKo6++02r7QRRX7ZoyNaZh7JuVjWsVW87KnQrbZqnHkOAzUyg==}

  quickjs-emscripten@0.32.0:
    resolution: {integrity: sha512-So0Sqw869y/S2oE3Nuc0uT3Dhqgvsj8FSrwBdsuTosVsG8ME5/OcudU1GxsrIFdFABgy17GHnTVO9TYV/bLQcA==}
    engines: {node: '>=16.0.0'}

snapshots:

  '@jitl/quickjs-ffi-types@0.32.0': {}

  '@jitl/quickjs-wasmfile-debug-asyncify@0.32.0':
    dependencies:
      '@jitl/quickjs-ffi-types': 0.32.0

  '@jitl/quickjs-wasmfile-debug-sync@0.32.0':
    dependencies:
      '@jitl/quickjs-ffi-types': 0.32.0

  '@jitl/quickjs-wasmfile-release-asyncify@0.32.0':
    dependencies:
      '@jitl/quickjs-ffi-types': 0.32.0

  '@jitl/quickjs-wasmfile-release-sync@0.32.0':
    dependencies:
      '@jitl/quickjs-ffi-types': 0.32.0

  fsevents@2.3.2:
    optional: true

  playwright-core@1.58.2: {}

  playwright@1.58.2:
    dependencies:
      playwright-core: 1.58.2
    optionalDependencies:
      fsevents: 2.3.2

  quickjs-emscripten-core@0.32.0:
    dependencies:
      '@jitl/quickjs-ffi-types': 0.32.0

  quickjs-emscripten@0.32.0:
    dependencies:
      '@jitl/quickjs-wasmfile-debug-asyncify': 0.32.0
      '@jitl/quickjs-wasmfile-debug-sync': 0.32.0
      '@jitl/quickjs-wasmfile-release-asyncify': 0.32.0
      '@jitl/quickjs-wasmfile-release-sync': 0.32.0
      quickjs-emscripten-core: 0.32.0
